<?xml version="1.0" encoding="utf-8"?>
<Project ToolsVersion="4.0" xmlns="http://schemas.microsoft.com/developer/msbuild/2003">
  <ItemGroup>
    <Filter Include="Archivos de origen">
      <UniqueIdentifier>{4FC737F1-C7A5-4376-A066-2A32D752A2FF}</UniqueIdentifier>
      <Extensions>cpp;c;cc;cxx;c++;cppm;ixx;def;odl;idl;hpj;bat;asm;asmx</Extensions>
    </Filter>
    <Filter Include="Archivos de encabezado">
      <UniqueIdentifier>{93995380-89BD-4b04-88EB-625FBE52EBFB}</UniqueIdentifier>
      <Extensions>h;hh;hpp;hxx;h++;hm;inl;inc;ipp;xsd</Extensions>
    </Filter>
    <Filter Include="Archivos de recursos">
      <UniqueIdentifier>{67DA6AB6-F800-4c08-8B7A-83BB121AAD01}</UniqueIdentifier>
      <Extensions>rc;ico;cur;bmp;dlg;rc2;rct;bin;rgs;gif;jpg;jpeg;jpe;resx;tiff;tif;png;wav;mfcribbon-ms</Extensions>
    </Filter>
    <Filter Include="Archivos de recursos\States">
      <UniqueIdentifier>{9e7c40ee-91aa-40f0-a524-140198f306ac}</UniqueIdentifier>
    </Filter>
    <Filter Include="Archivos de recursos\States\LeaveStates">
      <UniqueIdentifier>{b32756af-1db5-4bc5-ae22-24b2c0b37f97}</UniqueIdentifier>
    </Filter>
    <Filter Include="Archivos de recursos\States\BranchStates">
      <UniqueIdentifier>{bb4b8bf1-9e18-4a20-8b8c-b72630ddcf9f}</UniqueIdentifier>
    </Filter>
  </ItemGroup>
  <ItemGroup>
    <ClCompile Include="main.cpp">
      <Filter>Archivos de origen</Filter>
    </ClCompile>
    <ClCompile Include="Automata.cpp">
      <Filter>Archivos de recursos</Filter>
    </ClCompile>
    <ClCompile Include="RegexParser.hpp">
      <Filter>Archivos de encabezado</Filter>
    </ClCompile>
    <ClCompile Include="RegexParser.cpp">
      <Filter>Archivos de origen</Filter>
    </ClCompile>
    <ClCompile Include="AndRState.cpp">
      <Filter>Archivos de recursos\States\BranchStates</Filter>
    </ClCompile>
    <ClCompile Include="GroupRState.cpp">
      <Filter>Archivos de recursos\States\BranchStates</Filter>
    </ClCompile>
    <ClCompile Include="OrRState.cpp">
      <Filter>Archivos de recursos\States\BranchStates</Filter>
    </ClCompile>
    <ClCompile Include="CharRState.cpp">
      <Filter>Archivos de recursos\States\LeaveStates</Filter>
    </ClCompile>
    <ClCompile Include="MultiCharState.cpp">
      <Filter>Archivos de recursos\States\LeaveStates</Filter>
    </ClCompile>
    <ClCompile Include="RegexState.cpp">
      <Filter>Archivos de recursos\States</Filter>
    </ClCompile>
  </ItemGroup>
  <ItemGroup>
    <ClInclude Include="Automata.hpp">
      <Filter>Archivos de encabezado</Filter>
    </ClInclude>
    <ClInclude Include="RegexState.hpp">
      <Filter>Archivos de encabezado</Filter>
    </ClInclude>
  </ItemGroup>
</Project>